{
    "requires": true,
    "lockfileVersion": 1,
    "dependencies": {
        "laravel-echo": {
            "version": "1.3.5",
            "resolved": "https://registry.npmjs.org/laravel-echo/-/laravel-echo-1.3.5.tgz",
            "integrity": "sha512-FNVvOPTKbtWFM1r9mLUDrEi86hmx1/gny3DZieZLvi3lJTuEKoIVh2wUk7qygYSLi/SU+HSTfYPt+8IBOotVfw=="
        }
    }
}
